
Microsoft Visual Studio Solution File, Format Version 12.00
# Visual Studio 14
VisualStudioVersion = 14.0.25420.1
MinimumVisualStudioVersion = 10.0.40219.1
Project("{2150E333-8FDC-42A3-9474-1A3956D46DE8}") = "Libraries", "Libraries", "{5ABC3684-E6A7-4811-A865-0311A69D3D87}"
EndProject
Project("{2150E333-8FDC-42A3-9474-1A3956D46DE8}") = "Presentation", "Presentation", "{D8012644-012D-4DA8-9FCC-F62506C81E47}"
EndProject
Project("{2150E333-8FDC-42A3-9474-1A3956D46DE8}") = "Tests", "Tests", "{FE0BB467-464F-4935-9483-229883898F9D}"
EndProject
Project("{FAE04EC0-301F-11D3-BF4B-00C04F79EFBC}") = "RxLocal.Core", "Libraries\RxLocal.Core\RxLocal.Core.csproj", "{88BE6473-BD68-47BD-9715-45ADCC213DCA}"
EndProject
Project("{FAE04EC0-301F-11D3-BF4B-00C04F79EFBC}") = "RxLocal.Data", "Libraries\RxLocal.Data\RxLocal.Data.csproj", "{F49A4A3C-C39E-4E30-AF6B-00719E7EFA7A}"
EndProject
Project("{FAE04EC0-301F-11D3-BF4B-00C04F79EFBC}") = "RxLocal.Services", "Libraries\RxLocal.Services\RxLocal.Services.csproj", "{4CC6AF5B-5282-420C-A0E0-ECBF540E723C}"
EndProject
Project("{FAE04EC0-301F-11D3-BF4B-00C04F79EFBC}") = "RxLocal.Web.Framework", "Presentation\RxLocal.Web.Framework\RxLocal.Web.Framework.csproj", "{EE1F7818-6890-417A-99FC-FBB1E8B0FC2D}"
EndProject
Project("{FAE04EC0-301F-11D3-BF4B-00C04F79EFBC}") = "RxLocal.Web", "Presentation\RxLocal.Web\RxLocal.Web.csproj", "{BFC6CFEC-9EFF-41DD-931E-87896D01BFAA}"
EndProject
Project("{FAE04EC0-301F-11D3-BF4B-00C04F79EFBC}") = "RxLocal.Core.Tests", "Tests\RxLocal.Core.Tests\RxLocal.Core.Tests.csproj", "{42A790C7-7ADB-48CE-BFC8-17D7C644FF82}"
EndProject
Project("{FAE04EC0-301F-11D3-BF4B-00C04F79EFBC}") = "RxLocal.Data.Tests", "Tests\RxLocal.Data.Tests\RxLocal.Data.Tests.csproj", "{FDDD9B70-8FA9-4E35-81FE-4DC2BC361185}"
EndProject
Project("{FAE04EC0-301F-11D3-BF4B-00C04F79EFBC}") = "RxLocal.Services.Tests", "Tests\RxLocal.Services.Tests\RxLocal.Services.Tests.csproj", "{89DAE538-6232-4889-9F62-156C0F6A1A0F}"
EndProject
Project("{FAE04EC0-301F-11D3-BF4B-00C04F79EFBC}") = "RxLocal.Web.Tests", "Tests\RxLocal.Web.Tests\RxLocal.Web.Tests.csproj", "{083C00ED-AE43-4E3F-8C5C-117EE9A8B2B3}"
EndProject
Project("{FAE04EC0-301F-11D3-BF4B-00C04F79EFBC}") = "RxLocal.Tests", "Tests\RxLocal.Tests\RxLocal.Tests.csproj", "{32072761-8BAD-4DD4-AC73-C3188BAE5491}"
EndProject
Project("{FAE04EC0-301F-11D3-BF4B-00C04F79EFBC}") = "RxLocal", "Libraries\RxLocal\RxLocal.csproj", "{EBB9DC60-AD52-4E29-A8EA-620DEC6EDB86}"
EndProject
Global
	GlobalSection(SolutionConfigurationPlatforms) = preSolution
		Debug|Any CPU = Debug|Any CPU
		Release|Any CPU = Release|Any CPU
	EndGlobalSection
	GlobalSection(ProjectConfigurationPlatforms) = postSolution
		{88BE6473-BD68-47BD-9715-45ADCC213DCA}.Debug|Any CPU.ActiveCfg = Debug|Any CPU
		{88BE6473-BD68-47BD-9715-45ADCC213DCA}.Debug|Any CPU.Build.0 = Debug|Any CPU
		{88BE6473-BD68-47BD-9715-45ADCC213DCA}.Release|Any CPU.ActiveCfg = Release|Any CPU
		{88BE6473-BD68-47BD-9715-45ADCC213DCA}.Release|Any CPU.Build.0 = Release|Any CPU
		{F49A4A3C-C39E-4E30-AF6B-00719E7EFA7A}.Debug|Any CPU.ActiveCfg = Debug|Any CPU
		{F49A4A3C-C39E-4E30-AF6B-00719E7EFA7A}.Debug|Any CPU.Build.0 = Debug|Any CPU
		{F49A4A3C-C39E-4E30-AF6B-00719E7EFA7A}.Release|Any CPU.ActiveCfg = Release|Any CPU
		{F49A4A3C-C39E-4E30-AF6B-00719E7EFA7A}.Release|Any CPU.Build.0 = Release|Any CPU
		{4CC6AF5B-5282-420C-A0E0-ECBF540E723C}.Debug|Any CPU.ActiveCfg = Debug|Any CPU
		{4CC6AF5B-5282-420C-A0E0-ECBF540E723C}.Debug|Any CPU.Build.0 = Debug|Any CPU
		{4CC6AF5B-5282-420C-A0E0-ECBF540E723C}.Release|Any CPU.ActiveCfg = Release|Any CPU
		{4CC6AF5B-5282-420C-A0E0-ECBF540E723C}.Release|Any CPU.Build.0 = Release|Any CPU
		{EE1F7818-6890-417A-99FC-FBB1E8B0FC2D}.Debug|Any CPU.ActiveCfg = Debug|Any CPU
		{EE1F7818-6890-417A-99FC-FBB1E8B0FC2D}.Debug|Any CPU.Build.0 = Debug|Any CPU
		{EE1F7818-6890-417A-99FC-FBB1E8B0FC2D}.Release|Any CPU.ActiveCfg = Release|Any CPU
		{EE1F7818-6890-417A-99FC-FBB1E8B0FC2D}.Release|Any CPU.Build.0 = Release|Any CPU
		{BFC6CFEC-9EFF-41DD-931E-87896D01BFAA}.Debug|Any CPU.ActiveCfg = Debug|Any CPU
		{BFC6CFEC-9EFF-41DD-931E-87896D01BFAA}.Debug|Any CPU.Build.0 = Debug|Any CPU
		{BFC6CFEC-9EFF-41DD-931E-87896D01BFAA}.Release|Any CPU.ActiveCfg = Release|Any CPU
		{BFC6CFEC-9EFF-41DD-931E-87896D01BFAA}.Release|Any CPU.Build.0 = Release|Any CPU
		{42A790C7-7ADB-48CE-BFC8-17D7C644FF82}.Debug|Any CPU.ActiveCfg = Debug|Any CPU
		{42A790C7-7ADB-48CE-BFC8-17D7C644FF82}.Debug|Any CPU.Build.0 = Debug|Any CPU
		{42A790C7-7ADB-48CE-BFC8-17D7C644FF82}.Release|Any CPU.ActiveCfg = Release|Any CPU
		{42A790C7-7ADB-48CE-BFC8-17D7C644FF82}.Release|Any CPU.Build.0 = Release|Any CPU
		{FDDD9B70-8FA9-4E35-81FE-4DC2BC361185}.Debug|Any CPU.ActiveCfg = Debug|Any CPU
		{FDDD9B70-8FA9-4E35-81FE-4DC2BC361185}.Debug|Any CPU.Build.0 = Debug|Any CPU
		{FDDD9B70-8FA9-4E35-81FE-4DC2BC361185}.Release|Any CPU.ActiveCfg = Release|Any CPU
		{FDDD9B70-8FA9-4E35-81FE-4DC2BC361185}.Release|Any CPU.Build.0 = Release|Any CPU
		{89DAE538-6232-4889-9F62-156C0F6A1A0F}.Debug|Any CPU.ActiveCfg = Debug|Any CPU
		{89DAE538-6232-4889-9F62-156C0F6A1A0F}.Debug|Any CPU.Build.0 = Debug|Any CPU
		{89DAE538-6232-4889-9F62-156C0F6A1A0F}.Release|Any CPU.ActiveCfg = Release|Any CPU
		{89DAE538-6232-4889-9F62-156C0F6A1A0F}.Release|Any CPU.Build.0 = Release|Any CPU
		{083C00ED-AE43-4E3F-8C5C-117EE9A8B2B3}.Debug|Any CPU.ActiveCfg = Debug|Any CPU
		{083C00ED-AE43-4E3F-8C5C-117EE9A8B2B3}.Debug|Any CPU.Build.0 = Debug|Any CPU
		{083C00ED-AE43-4E3F-8C5C-117EE9A8B2B3}.Release|Any CPU.ActiveCfg = Release|Any CPU
		{083C00ED-AE43-4E3F-8C5C-117EE9A8B2B3}.Release|Any CPU.Build.0 = Release|Any CPU
		{32072761-8BAD-4DD4-AC73-C3188BAE5491}.Debug|Any CPU.ActiveCfg = Debug|Any CPU
		{32072761-8BAD-4DD4-AC73-C3188BAE5491}.Debug|Any CPU.Build.0 = Debug|Any CPU
		{32072761-8BAD-4DD4-AC73-C3188BAE5491}.Release|Any CPU.ActiveCfg = Release|Any CPU
		{32072761-8BAD-4DD4-AC73-C3188BAE5491}.Release|Any CPU.Build.0 = Release|Any CPU
		{EBB9DC60-AD52-4E29-A8EA-620DEC6EDB86}.Debug|Any CPU.ActiveCfg = Debug|Any CPU
		{EBB9DC60-AD52-4E29-A8EA-620DEC6EDB86}.Debug|Any CPU.Build.0 = Debug|Any CPU
		{EBB9DC60-AD52-4E29-A8EA-620DEC6EDB86}.Release|Any CPU.ActiveCfg = Release|Any CPU
		{EBB9DC60-AD52-4E29-A8EA-620DEC6EDB86}.Release|Any CPU.Build.0 = Release|Any CPU
	EndGlobalSection
	GlobalSection(SolutionProperties) = preSolution
		HideSolutionNode = FALSE
	EndGlobalSection
	GlobalSection(NestedProjects) = preSolution
		{88BE6473-BD68-47BD-9715-45ADCC213DCA} = {5ABC3684-E6A7-4811-A865-0311A69D3D87}
		{F49A4A3C-C39E-4E30-AF6B-00719E7EFA7A} = {5ABC3684-E6A7-4811-A865-0311A69D3D87}
		{4CC6AF5B-5282-420C-A0E0-ECBF540E723C} = {5ABC3684-E6A7-4811-A865-0311A69D3D87}
		{EE1F7818-6890-417A-99FC-FBB1E8B0FC2D} = {D8012644-012D-4DA8-9FCC-F62506C81E47}
		{BFC6CFEC-9EFF-41DD-931E-87896D01BFAA} = {D8012644-012D-4DA8-9FCC-F62506C81E47}
		{42A790C7-7ADB-48CE-BFC8-17D7C644FF82} = {FE0BB467-464F-4935-9483-229883898F9D}
		{FDDD9B70-8FA9-4E35-81FE-4DC2BC361185} = {FE0BB467-464F-4935-9483-229883898F9D}
		{89DAE538-6232-4889-9F62-156C0F6A1A0F} = {FE0BB467-464F-4935-9483-229883898F9D}
		{083C00ED-AE43-4E3F-8C5C-117EE9A8B2B3} = {FE0BB467-464F-4935-9483-229883898F9D}
		{32072761-8BAD-4DD4-AC73-C3188BAE5491} = {FE0BB467-464F-4935-9483-229883898F9D}
		{EBB9DC60-AD52-4E29-A8EA-620DEC6EDB86} = {5ABC3684-E6A7-4811-A865-0311A69D3D87}
	EndGlobalSection
EndGlobal
